// !$*UTF8*$!
{
	archiveVersion = 1;
	classes = {
	};
	objectVersion = 51;
	objects = {

/* Begin PBXBuildFile section */
		2B702AA4866224934D0A1057 /* Pods_MarleySpoon.framework in Frameworks */ = {isa = PBXBuildFile; fileRef = A6BAD20A79DD150AF7C1170A /* Pods_MarleySpoon.framework */; };
		DE99FB78251BCDB500863D84 /* AppDelegate.swift in Sources */ = {isa = PBXBuildFile; fileRef = DE99FB77251BCDB500863D84 /* AppDelegate.swift */; };
		DE99FB7A251BCDB500863D84 /* SceneDelegate.swift in Sources */ = {isa = PBXBuildFile; fileRef = DE99FB79251BCDB500863D84 /* SceneDelegate.swift */; };
		DE99FB81251BCDB700863D84 /* Assets.xcassets in Resources */ = {isa = PBXBuildFile; fileRef = DE99FB80251BCDB700863D84 /* Assets.xcassets */; };
		DE99FB84251BCDB700863D84 /* LaunchScreen.storyboard in Resources */ = {isa = PBXBuildFile; fileRef = DE99FB82251BCDB700863D84 /* LaunchScreen.storyboard */; };
		DE99FB92251BCF6E00863D84 /* ContentfulCredentials.swift in Sources */ = {isa = PBXBuildFile; fileRef = DE99FB91251BCF6E00863D84 /* ContentfulCredentials.swift */; };
		DE99FB94251BCF9400863D84 /* ContentfulClientProvider.swift in Sources */ = {isa = PBXBuildFile; fileRef = DE99FB93251BCF9400863D84 /* ContentfulClientProvider.swift */; };
		DE99FB97251BD05C00863D84 /* Recipe.swift in Sources */ = {isa = PBXBuildFile; fileRef = DE99FB96251BD05C00863D84 /* Recipe.swift */; };
		DE99FB99251BD07600863D84 /* Tag.swift in Sources */ = {isa = PBXBuildFile; fileRef = DE99FB98251BD07600863D84 /* Tag.swift */; };
		DE99FB9B251BD08B00863D84 /* Chef.swift in Sources */ = {isa = PBXBuildFile; fileRef = DE99FB9A251BD08B00863D84 /* Chef.swift */; };
		DE99FB9F251BD1EF00863D84 /* AutoLayout + Extentions.swift in Sources */ = {isa = PBXBuildFile; fileRef = DE99FB9E251BD1EF00863D84 /* AutoLayout + Extentions.swift */; };
		DE99FBA2251BD22100863D84 /* ViewInterface.swift in Sources */ = {isa = PBXBuildFile; fileRef = DE99FBA1251BD22100863D84 /* ViewInterface.swift */; };
		DE99FBA4251BD23C00863D84 /* InteractorInterface.swift in Sources */ = {isa = PBXBuildFile; fileRef = DE99FBA3251BD23C00863D84 /* InteractorInterface.swift */; };
		DE99FBA6251BD25500863D84 /* PresenterInterface.swift in Sources */ = {isa = PBXBuildFile; fileRef = DE99FBA5251BD25500863D84 /* PresenterInterface.swift */; };
		DE99FBA8251BD27A00863D84 /* BaseWireframe.swift in Sources */ = {isa = PBXBuildFile; fileRef = DE99FBA7251BD27A00863D84 /* BaseWireframe.swift */; };
		DE99FBAA251BD2AF00863D84 /* WireframeInterface.swift in Sources */ = {isa = PBXBuildFile; fileRef = DE99FBA9251BD2AF00863D84 /* WireframeInterface.swift */; };
		DE99FBAC251BD2F300863D84 /* BaseViewController.swift in Sources */ = {isa = PBXBuildFile; fileRef = DE99FBAB251BD2F300863D84 /* BaseViewController.swift */; };
		DE99FBB1251BD36F00863D84 /* RecipesContract.swift in Sources */ = {isa = PBXBuildFile; fileRef = DE99FBB0251BD36F00863D84 /* RecipesContract.swift */; };
		DE99FBB4251BD3AB00863D84 /* RecipesViewController.swift in Sources */ = {isa = PBXBuildFile; fileRef = DE99FBB3251BD3AB00863D84 /* RecipesViewController.swift */; };
		DE99FBB7251BD3DD00863D84 /* RecipeCell.swift in Sources */ = {isa = PBXBuildFile; fileRef = DE99FBB6251BD3DD00863D84 /* RecipeCell.swift */; };
		DE99FBB9251BD40800863D84 /* RecipeViewModel.swift in Sources */ = {isa = PBXBuildFile; fileRef = DE99FBB8251BD40800863D84 /* RecipeViewModel.swift */; };
		DE99FBBC251BD42D00863D84 /* ReceipesHeaderView.swift in Sources */ = {isa = PBXBuildFile; fileRef = DE99FBBB251BD42D00863D84 /* ReceipesHeaderView.swift */; };
		DE99FBBE251BD44500863D84 /* CardView.swift in Sources */ = {isa = PBXBuildFile; fileRef = DE99FBBD251BD44500863D84 /* CardView.swift */; };
		DE99FBC4251BD4A700863D84 /* RecipesPresenter.swift in Sources */ = {isa = PBXBuildFile; fileRef = DE99FBC3251BD4A700863D84 /* RecipesPresenter.swift */; };
		DE99FBC6251BD4DA00863D84 /* RecipesInteractor.swift in Sources */ = {isa = PBXBuildFile; fileRef = DE99FBC5251BD4DA00863D84 /* RecipesInteractor.swift */; };
		DE99FBC8251BD4F100863D84 /* RecipesWireframe.swift in Sources */ = {isa = PBXBuildFile; fileRef = DE99FBC7251BD4F100863D84 /* RecipesWireframe.swift */; };
		DE99FBCD251BD59500863D84 /* RecipesRemoteGetway.swift in Sources */ = {isa = PBXBuildFile; fileRef = DE99FBCC251BD59500863D84 /* RecipesRemoteGetway.swift */; };
		DE99FBD0251BD6AA00863D84 /* RecipeDetailsContract.swift in Sources */ = {isa = PBXBuildFile; fileRef = DE99FBCF251BD6AA00863D84 /* RecipeDetailsContract.swift */; };
		DE99FBD3251BD6D700863D84 /* RecipeDetailsViewController.swift in Sources */ = {isa = PBXBuildFile; fileRef = DE99FBD2251BD6D700863D84 /* RecipeDetailsViewController.swift */; };
		DE99FBD5251BD70400863D84 /* RecipeDetailsViewModel.swift in Sources */ = {isa = PBXBuildFile; fileRef = DE99FBD4251BD70400863D84 /* RecipeDetailsViewModel.swift */; };
		DE99FBD8251BD72800863D84 /* TagCell.swift in Sources */ = {isa = PBXBuildFile; fileRef = DE99FBD7251BD72800863D84 /* TagCell.swift */; };
		DE99FBDA251BD75300863D84 /* TagViewModel.swift in Sources */ = {isa = PBXBuildFile; fileRef = DE99FBD9251BD75300863D84 /* TagViewModel.swift */; };
		DE99FBDD251BD78100863D84 /* RecipeDetailsPresenter.swift in Sources */ = {isa = PBXBuildFile; fileRef = DE99FBDC251BD78100863D84 /* RecipeDetailsPresenter.swift */; };
		DE99FBE0251BD7A800863D84 /* RecipeDetailsInteractor.swift in Sources */ = {isa = PBXBuildFile; fileRef = DE99FBDF251BD7A800863D84 /* RecipeDetailsInteractor.swift */; };
		DE99FBE3251BD7D300863D84 /* RecipeDetailsWireframe.swift in Sources */ = {isa = PBXBuildFile; fileRef = DE99FBE2251BD7D300863D84 /* RecipeDetailsWireframe.swift */; };
		DE99FC1C251E56D600863D84 /* RecipesGetway.swift in Sources */ = {isa = PBXBuildFile; fileRef = DE99FC1B251E56D600863D84 /* RecipesGetway.swift */; };
/* End PBXBuildFile section */

/* Begin PBXFileReference section */
		7B39F403DE2528E619F8EF32 /* Pods-MarleySpoon.debug.xcconfig */ = {isa = PBXFileReference; includeInIndex = 1; lastKnownFileType = text.xcconfig; name = "Pods-MarleySpoon.debug.xcconfig"; path = "Target Support Files/Pods-MarleySpoon/Pods-MarleySpoon.debug.xcconfig"; sourceTree = "<group>"; };
		A6BAD20A79DD150AF7C1170A /* Pods_MarleySpoon.framework */ = {isa = PBXFileReference; explicitFileType = wrapper.framework; includeInIndex = 0; path = Pods_MarleySpoon.framework; sourceTree = BUILT_PRODUCTS_DIR; };
		DE99FB74251BCDB500863D84 /* Marley Spoon.app */ = {isa = PBXFileReference; explicitFileType = wrapper.application; includeInIndex = 0; path = "Marley Spoon.app"; sourceTree = BUILT_PRODUCTS_DIR; };
		DE99FB77251BCDB500863D84 /* AppDelegate.swift */ = {isa = PBXFileReference; lastKnownFileType = sourcecode.swift; path = AppDelegate.swift; sourceTree = "<group>"; };
		DE99FB79251BCDB500863D84 /* SceneDelegate.swift */ = {isa = PBXFileReference; lastKnownFileType = sourcecode.swift; path = SceneDelegate.swift; sourceTree = "<group>"; };
		DE99FB80251BCDB700863D84 /* Assets.xcassets */ = {isa = PBXFileReference; lastKnownFileType = folder.assetcatalog; path = Assets.xcassets; sourceTree = "<group>"; };
		DE99FB83251BCDB700863D84 /* Base */ = {isa = PBXFileReference; lastKnownFileType = file.storyboard; name = Base; path = Base.lproj/LaunchScreen.storyboard; sourceTree = "<group>"; };
		DE99FB85251BCDB700863D84 /* Info.plist */ = {isa = PBXFileReference; lastKnownFileType = text.plist.xml; path = Info.plist; sourceTree = "<group>"; };
		DE99FB91251BCF6E00863D84 /* ContentfulCredentials.swift */ = {isa = PBXFileReference; lastKnownFileType = sourcecode.swift; path = ContentfulCredentials.swift; sourceTree = "<group>"; };
		DE99FB93251BCF9400863D84 /* ContentfulClientProvider.swift */ = {isa = PBXFileReference; lastKnownFileType = sourcecode.swift; path = ContentfulClientProvider.swift; sourceTree = "<group>"; };
		DE99FB96251BD05C00863D84 /* Recipe.swift */ = {isa = PBXFileReference; lastKnownFileType = sourcecode.swift; path = Recipe.swift; sourceTree = "<group>"; };
		DE99FB98251BD07600863D84 /* Tag.swift */ = {isa = PBXFileReference; lastKnownFileType = sourcecode.swift; path = Tag.swift; sourceTree = "<group>"; };
		DE99FB9A251BD08B00863D84 /* Chef.swift */ = {isa = PBXFileReference; lastKnownFileType = sourcecode.swift; path = Chef.swift; sourceTree = "<group>"; };
		DE99FB9C251BD10800863D84 /* variables.xcconfig */ = {isa = PBXFileReference; lastKnownFileType = text.xcconfig; path = variables.xcconfig; sourceTree = "<group>"; };
		DE99FB9E251BD1EF00863D84 /* AutoLayout + Extentions.swift */ = {isa = PBXFileReference; lastKnownFileType = sourcecode.swift; path = "AutoLayout + Extentions.swift"; sourceTree = "<group>"; };
		DE99FBA1251BD22100863D84 /* ViewInterface.swift */ = {isa = PBXFileReference; lastKnownFileType = sourcecode.swift; path = ViewInterface.swift; sourceTree = "<group>"; };
		DE99FBA3251BD23C00863D84 /* InteractorInterface.swift */ = {isa = PBXFileReference; lastKnownFileType = sourcecode.swift; path = InteractorInterface.swift; sourceTree = "<group>"; };
		DE99FBA5251BD25500863D84 /* PresenterInterface.swift */ = {isa = PBXFileReference; lastKnownFileType = sourcecode.swift; path = PresenterInterface.swift; sourceTree = "<group>"; };
		DE99FBA7251BD27A00863D84 /* BaseWireframe.swift */ = {isa = PBXFileReference; lastKnownFileType = sourcecode.swift; path = BaseWireframe.swift; sourceTree = "<group>"; };
		DE99FBA9251BD2AF00863D84 /* WireframeInterface.swift */ = {isa = PBXFileReference; lastKnownFileType = sourcecode.swift; path = WireframeInterface.swift; sourceTree = "<group>"; };
		DE99FBAB251BD2F300863D84 /* BaseViewController.swift */ = {isa = PBXFileReference; lastKnownFileType = sourcecode.swift; path = BaseViewController.swift; sourceTree = "<group>"; };
		DE99FBB0251BD36F00863D84 /* RecipesContract.swift */ = {isa = PBXFileReference; lastKnownFileType = sourcecode.swift; path = RecipesContract.swift; sourceTree = "<group>"; };
		DE99FBB3251BD3AB00863D84 /* RecipesViewController.swift */ = {isa = PBXFileReference; lastKnownFileType = sourcecode.swift; path = RecipesViewController.swift; sourceTree = "<group>"; };
		DE99FBB6251BD3DD00863D84 /* RecipeCell.swift */ = {isa = PBXFileReference; lastKnownFileType = sourcecode.swift; path = RecipeCell.swift; sourceTree = "<group>"; };
		DE99FBB8251BD40800863D84 /* RecipeViewModel.swift */ = {isa = PBXFileReference; lastKnownFileType = sourcecode.swift; path = RecipeViewModel.swift; sourceTree = "<group>"; };
		DE99FBBB251BD42D00863D84 /* ReceipesHeaderView.swift */ = {isa = PBXFileReference; lastKnownFileType = sourcecode.swift; path = ReceipesHeaderView.swift; sourceTree = "<group>"; };
		DE99FBBD251BD44500863D84 /* CardView.swift */ = {isa = PBXFileReference; lastKnownFileType = sourcecode.swift; path = CardView.swift; sourceTree = "<group>"; };
		DE99FBC3251BD4A700863D84 /* RecipesPresenter.swift */ = {isa = PBXFileReference; lastKnownFileType = sourcecode.swift; path = RecipesPresenter.swift; sourceTree = "<group>"; };
		DE99FBC5251BD4DA00863D84 /* RecipesInteractor.swift */ = {isa = PBXFileReference; lastKnownFileType = sourcecode.swift; path = RecipesInteractor.swift; sourceTree = "<group>"; };
		DE99FBC7251BD4F100863D84 /* RecipesWireframe.swift */ = {isa = PBXFileReference; lastKnownFileType = sourcecode.swift; path = RecipesWireframe.swift; sourceTree = "<group>"; };
		DE99FBCC251BD59500863D84 /* RecipesRemoteGetway.swift */ = {isa = PBXFileReference; lastKnownFileType = sourcecode.swift; path = RecipesRemoteGetway.swift; sourceTree = "<group>"; };
		DE99FBCF251BD6AA00863D84 /* RecipeDetailsContract.swift */ = {isa = PBXFileReference; lastKnownFileType = sourcecode.swift; path = RecipeDetailsContract.swift; sourceTree = "<group>"; };
		DE99FBD2251BD6D700863D84 /* RecipeDetailsViewController.swift */ = {isa = PBXFileReference; lastKnownFileType = sourcecode.swift; path = RecipeDetailsViewController.swift; sourceTree = "<group>"; };
		DE99FBD4251BD70400863D84 /* RecipeDetailsViewModel.swift */ = {isa = PBXFileReference; lastKnownFileType = sourcecode.swift; path = RecipeDetailsViewModel.swift; sourceTree = "<group>"; };
		DE99FBD7251BD72800863D84 /* TagCell.swift */ = {isa = PBXFileReference; lastKnownFileType = sourcecode.swift; path = TagCell.swift; sourceTree = "<group>"; };
		DE99FBD9251BD75300863D84 /* TagViewModel.swift */ = {isa = PBXFileReference; lastKnownFileType = sourcecode.swift; path = TagViewModel.swift; sourceTree = "<group>"; };
		DE99FBDC251BD78100863D84 /* RecipeDetailsPresenter.swift */ = {isa = PBXFileReference; lastKnownFileType = sourcecode.swift; path = RecipeDetailsPresenter.swift; sourceTree = "<group>"; };
		DE99FBDF251BD7A800863D84 /* RecipeDetailsInteractor.swift */ = {isa = PBXFileReference; lastKnownFileType = sourcecode.swift; path = RecipeDetailsInteractor.swift; sourceTree = "<group>"; };
		DE99FBE2251BD7D300863D84 /* RecipeDetailsWireframe.swift */ = {isa = PBXFileReference; lastKnownFileType = sourcecode.swift; path = RecipeDetailsWireframe.swift; sourceTree = "<group>"; };
		DE99FC1B251E56D600863D84 /* RecipesGetway.swift */ = {isa = PBXFileReference; lastKnownFileType = sourcecode.swift; path = RecipesGetway.swift; sourceTree = "<group>"; };
		F1DF799ED3F59F05253BD3FB /* Pods-MarleySpoon.release.xcconfig */ = {isa = PBXFileReference; includeInIndex = 1; lastKnownFileType = text.xcconfig; name = "Pods-MarleySpoon.release.xcconfig"; path = "Target Support Files/Pods-MarleySpoon/Pods-MarleySpoon.release.xcconfig"; sourceTree = "<group>"; };
/* End PBXFileReference section */

/* Begin PBXFrameworksBuildPhase section */
		DE99FB71251BCDB500863D84 /* Frameworks */ = {
			isa = PBXFrameworksBuildPhase;
			buildActionMask = 2147483647;
			files = (
				2B702AA4866224934D0A1057 /* Pods_MarleySpoon.framework in Frameworks */,
			);
			runOnlyForDeploymentPostprocessing = 0;
		};
/* End PBXFrameworksBuildPhase section */

/* Begin PBXGroup section */
		3C78F26F9264FBC6B3F75790 /* Frameworks */ = {
			isa = PBXGroup;
			children = (
				A6BAD20A79DD150AF7C1170A /* Pods_MarleySpoon.framework */,
			);
			name = Frameworks;
			sourceTree = "<group>";
		};
		DE99FB6B251BCDB500863D84 = {
			isa = PBXGroup;
			children = (
				DE99FB76251BCDB500863D84 /* MarleySpoon */,
				DE99FB75251BCDB500863D84 /* Products */,
				F020772C410A9DF79ED9A58A /* Pods */,
				3C78F26F9264FBC6B3F75790 /* Frameworks */,
			);
			sourceTree = "<group>";
		};
		DE99FB75251BCDB500863D84 /* Products */ = {
			isa = PBXGroup;
			children = (
				DE99FB74251BCDB500863D84 /* Marley Spoon.app */,
			);
			name = Products;
			sourceTree = "<group>";
		};
		DE99FB76251BCDB500863D84 /* MarleySpoon */ = {
			isa = PBXGroup;
			children = (
				DE99FB8B251BCDED00863D84 /* App */,
				DE99FB9D251BD1D100863D84 /* Library */,
				DE99FBAE251BD35700863D84 /* Modules */,
				DE99FB95251BD05000863D84 /* Entities */,
				DE99FB8F251BCF2D00863D84 /* Data Manager */,
				DE99FB8C251BCE7B00863D84 /* Resources */,
				DE99FB8D251BCE8700863D84 /* Supporting Files */,
			);
			path = MarleySpoon;
			sourceTree = "<group>";
		};
		DE99FB8B251BCDED00863D84 /* App */ = {
			isa = PBXGroup;
			children = (
				DE99FB77251BCDB500863D84 /* AppDelegate.swift */,
				DE99FB79251BCDB500863D84 /* SceneDelegate.swift */,
			);
			path = App;
			sourceTree = "<group>";
		};
		DE99FB8C251BCE7B00863D84 /* Resources */ = {
			isa = PBXGroup;
			children = (
				DE99FB80251BCDB700863D84 /* Assets.xcassets */,
				DE99FB82251BCDB700863D84 /* LaunchScreen.storyboard */,
			);
			path = Resources;
			sourceTree = "<group>";
		};
		DE99FB8D251BCE8700863D84 /* Supporting Files */ = {
			isa = PBXGroup;
			children = (
				DE99FB85251BCDB700863D84 /* Info.plist */,
				DE99FB9C251BD10800863D84 /* variables.xcconfig */,
			);
			path = "Supporting Files";
			sourceTree = "<group>";
		};
		DE99FB8F251BCF2D00863D84 /* Data Manager */ = {
			isa = PBXGroup;
			children = (
				DE99FC1A251E56C500863D84 /* EntityGetways */,
				DE99FBCB251BD57E00863D84 /* RemoteGetways */,
			);
			path = "Data Manager";
			sourceTree = "<group>";
		};
		DE99FB90251BCF4F00863D84 /* Contentful API */ = {
			isa = PBXGroup;
			children = (
				DE99FB91251BCF6E00863D84 /* ContentfulCredentials.swift */,
				DE99FB93251BCF9400863D84 /* ContentfulClientProvider.swift */,
			);
			path = "Contentful API";
			sourceTree = "<group>";
		};
		DE99FB95251BD05000863D84 /* Entities */ = {
			isa = PBXGroup;
			children = (
				DE99FB96251BD05C00863D84 /* Recipe.swift */,
				DE99FB98251BD07600863D84 /* Tag.swift */,
				DE99FB9A251BD08B00863D84 /* Chef.swift */,
			);
			path = Entities;
			sourceTree = "<group>";
		};
		DE99FB9D251BD1D100863D84 /* Library */ = {
			isa = PBXGroup;
			children = (
				DE99FBA0251BD21500863D84 /* Base VIPER */,
				DE99FBBA251BD41C00863D84 /* Views */,
				DE99FC19251E538E00863D84 /* Extensions */,
			);
			path = Library;
			sourceTree = "<group>";
		};
		DE99FBA0251BD21500863D84 /* Base VIPER */ = {
			isa = PBXGroup;
			children = (
				DE99FBA1251BD22100863D84 /* ViewInterface.swift */,
				DE99FBA3251BD23C00863D84 /* InteractorInterface.swift */,
				DE99FBA5251BD25500863D84 /* PresenterInterface.swift */,
				DE99FBA7251BD27A00863D84 /* BaseWireframe.swift */,
				DE99FBA9251BD2AF00863D84 /* WireframeInterface.swift */,
			);
			path = "Base VIPER";
			sourceTree = "<group>";
		};
		DE99FBAE251BD35700863D84 /* Modules */ = {
			isa = PBXGroup;
			children = (
				DE99FBAF251BD35E00863D84 /* Recipes */,
				DE99FBCE251BD69400863D84 /* RecipeDetails */,
			);
			path = Modules;
			sourceTree = "<group>";
		};
		DE99FBAF251BD35E00863D84 /* Recipes */ = {
			isa = PBXGroup;
			children = (
				DE99FBB0251BD36F00863D84 /* RecipesContract.swift */,
				DE99FBB2251BD39D00863D84 /* View */,
				DE99FBC9251BD50100863D84 /* Interactor */,
				DE99FBC2251BD49100863D84 /* Presenter */,
				DE99FBCA251BD52200863D84 /* Wireframe */,
			);
			path = Recipes;
			sourceTree = "<group>";
		};
		DE99FBB2251BD39D00863D84 /* View */ = {
			isa = PBXGroup;
			children = (
				DE99FBB5251BD3C700863D84 /* Cell */,
				DE99FBB3251BD3AB00863D84 /* RecipesViewController.swift */,
			);
			path = View;
			sourceTree = "<group>";
		};
		DE99FBB5251BD3C700863D84 /* Cell */ = {
			isa = PBXGroup;
			children = (
				DE99FBB6251BD3DD00863D84 /* RecipeCell.swift */,
				DE99FBB8251BD40800863D84 /* RecipeViewModel.swift */,
			);
			path = Cell;
			sourceTree = "<group>";
		};
		DE99FBBA251BD41C00863D84 /* Views */ = {
			isa = PBXGroup;
			children = (
				DE99FBAB251BD2F300863D84 /* BaseViewController.swift */,
				DE99FBBD251BD44500863D84 /* CardView.swift */,
				DE99FBBB251BD42D00863D84 /* ReceipesHeaderView.swift */,
			);
			path = Views;
			sourceTree = "<group>";
		};
		DE99FBC2251BD49100863D84 /* Presenter */ = {
			isa = PBXGroup;
			children = (
				DE99FBC3251BD4A700863D84 /* RecipesPresenter.swift */,
			);
			path = Presenter;
			sourceTree = "<group>";
		};
		DE99FBC9251BD50100863D84 /* Interactor */ = {
			isa = PBXGroup;
			children = (
				DE99FBC5251BD4DA00863D84 /* RecipesInteractor.swift */,
			);
			path = Interactor;
			sourceTree = "<group>";
		};
		DE99FBCA251BD52200863D84 /* Wireframe */ = {
			isa = PBXGroup;
			children = (
				DE99FBC7251BD4F100863D84 /* RecipesWireframe.swift */,
			);
			path = Wireframe;
			sourceTree = "<group>";
		};
		DE99FBCB251BD57E00863D84 /* RemoteGetways */ = {
			isa = PBXGroup;
			children = (
				DE99FBCC251BD59500863D84 /* RecipesRemoteGetway.swift */,
				DE99FB90251BCF4F00863D84 /* Contentful API */,
			);
			path = RemoteGetways;
			sourceTree = "<group>";
		};
		DE99FBCE251BD69400863D84 /* RecipeDetails */ = {
			isa = PBXGroup;
			children = (
				DE99FBCF251BD6AA00863D84 /* RecipeDetailsContract.swift */,
				DE99FBD1251BD6C000863D84 /* View */,
				DE99FBDE251BD79900863D84 /* Interactor */,
				DE99FBDB251BD76D00863D84 /* Presenter */,
				DE99FBE1251BD7BB00863D84 /* Wireframe */,
			);
			path = RecipeDetails;
			sourceTree = "<group>";
		};
		DE99FBD1251BD6C000863D84 /* View */ = {
			isa = PBXGroup;
			children = (
				DE99FBD6251BD72000863D84 /* Cell */,
				DE99FBD2251BD6D700863D84 /* RecipeDetailsViewController.swift */,
				DE99FBD4251BD70400863D84 /* RecipeDetailsViewModel.swift */,
			);
			path = View;
			sourceTree = "<group>";
		};
		DE99FBD6251BD72000863D84 /* Cell */ = {
			isa = PBXGroup;
			children = (
				DE99FBD7251BD72800863D84 /* TagCell.swift */,
				DE99FBD9251BD75300863D84 /* TagViewModel.swift */,
			);
			path = Cell;
			sourceTree = "<group>";
		};
		DE99FBDB251BD76D00863D84 /* Presenter */ = {
			isa = PBXGroup;
			children = (
				DE99FBDC251BD78100863D84 /* RecipeDetailsPresenter.swift */,
			);
			path = Presenter;
			sourceTree = "<group>";
		};
		DE99FBDE251BD79900863D84 /* Interactor */ = {
			isa = PBXGroup;
			children = (
				DE99FBDF251BD7A800863D84 /* RecipeDetailsInteractor.swift */,
			);
			path = Interactor;
			sourceTree = "<group>";
		};
		DE99FBE1251BD7BB00863D84 /* Wireframe */ = {
			isa = PBXGroup;
			children = (
				DE99FBE2251BD7D300863D84 /* RecipeDetailsWireframe.swift */,
			);
			path = Wireframe;
			sourceTree = "<group>";
		};
		DE99FC19251E538E00863D84 /* Extensions */ = {
			isa = PBXGroup;
			children = (
				DE99FB9E251BD1EF00863D84 /* AutoLayout + Extentions.swift */,
			);
			path = Extensions;
			sourceTree = "<group>";
		};
		DE99FC1A251E56C500863D84 /* EntityGetways */ = {
			isa = PBXGroup;
			children = (
				DE99FC1B251E56D600863D84 /* RecipesGetway.swift */,
			);
			path = EntityGetways;
			sourceTree = "<group>";
		};
		F020772C410A9DF79ED9A58A /* Pods */ = {
			isa = PBXGroup;
			children = (
				7B39F403DE2528E619F8EF32 /* Pods-MarleySpoon.debug.xcconfig */,
				F1DF799ED3F59F05253BD3FB /* Pods-MarleySpoon.release.xcconfig */,
			);
			path = Pods;
			sourceTree = "<group>";
		};
/* End PBXGroup section */

/* Begin PBXNativeTarget section */
		DE99FB73251BCDB500863D84 /* MarleySpoon */ = {
			isa = PBXNativeTarget;
			buildConfigurationList = DE99FB88251BCDB700863D84 /* Build configuration list for PBXNativeTarget "MarleySpoon" */;
			buildPhases = (
				A4DA10FDDCB1E685CB888D37 /* [CP] Check Pods Manifest.lock */,
				DE99FB70251BCDB500863D84 /* Sources */,
				DE99FB71251BCDB500863D84 /* Frameworks */,
				DE99FB72251BCDB500863D84 /* Resources */,
				9C24B1B57580C97324783B18 /* [CP] Embed Pods Frameworks */,
			);
			buildRules = (
			);
			dependencies = (
			);
			name = MarleySpoon;
			productName = MarleySpoon;
			productReference = DE99FB74251BCDB500863D84 /* Marley Spoon.app */;
			productType = "com.apple.product-type.application";
		};
/* End PBXNativeTarget section */

/* Begin PBXProject section */
		DE99FB6C251BCDB500863D84 /* Project object */ = {
			isa = PBXProject;
			attributes = {
				LastSwiftUpdateCheck = 1160;
				LastUpgradeCheck = 1160;
				ORGANIZATIONNAME = "Ahmed Madian";
				TargetAttributes = {
					DE99FB73251BCDB500863D84 = {
						CreatedOnToolsVersion = 11.6;
					};
				};
			};
			buildConfigurationList = DE99FB6F251BCDB500863D84 /* Build configuration list for PBXProject "MarleySpoon" */;
			compatibilityVersion = "Xcode 9.3";
			developmentRegion = en;
			hasScannedForEncodings = 0;
			knownRegions = (
				en,
				Base,
			);
			mainGroup = DE99FB6B251BCDB500863D84;
			productRefGroup = DE99FB75251BCDB500863D84 /* Products */;
			projectDirPath = "";
			projectRoot = "";
			targets = (
				DE99FB73251BCDB500863D84 /* MarleySpoon */,
			);
		};
/* End PBXProject section */

/* Begin PBXResourcesBuildPhase section */
		DE99FB72251BCDB500863D84 /* Resources */ = {
			isa = PBXResourcesBuildPhase;
			buildActionMask = 2147483647;
			files = (
				DE99FB84251BCDB700863D84 /* LaunchScreen.storyboard in Resources */,
				DE99FB81251BCDB700863D84 /* Assets.xcassets in Resources */,
			);
			runOnlyForDeploymentPostprocessing = 0;
		};
/* End PBXResourcesBuildPhase section */

/* Begin PBXShellScriptBuildPhase section */
		9C24B1B57580C97324783B18 /* [CP] Embed Pods Frameworks */ = {
			isa = PBXShellScriptBuildPhase;
			buildActionMask = 2147483647;
			files = (
			);
			inputFileListPaths = (
				"${PODS_ROOT}/Target Support Files/Pods-MarleySpoon/Pods-MarleySpoon-frameworks-${CONFIGURATION}-input-files.xcfilelist",
			);
			name = "[CP] Embed Pods Frameworks";
			outputFileListPaths = (
				"${PODS_ROOT}/Target Support Files/Pods-MarleySpoon/Pods-MarleySpoon-frameworks-${CONFIGURATION}-output-files.xcfilelist",
			);
			runOnlyForDeploymentPostprocessing = 0;
			shellPath = /bin/sh;
			shellScript = "\"${PODS_ROOT}/Target Support Files/Pods-MarleySpoon/Pods-MarleySpoon-frameworks.sh\"\n";
			showEnvVarsInLog = 0;
		};
		A4DA10FDDCB1E685CB888D37 /* [CP] Check Pods Manifest.lock */ = {
			isa = PBXShellScriptBuildPhase;
			buildActionMask = 2147483647;
			files = (
			);
			inputFileListPaths = (
			);
			inputPaths = (
				"${PODS_PODFILE_DIR_PATH}/Podfile.lock",
				"${PODS_ROOT}/Manifest.lock",
			);
			name = "[CP] Check Pods Manifest.lock";
			outputFileListPaths = (
			);
			outputPaths = (
				"$(DERIVED_FILE_DIR)/Pods-MarleySpoon-checkManifestLockResult.txt",
			);
			runOnlyForDeploymentPostprocessing = 0;
			shellPath = /bin/sh;
			shellScript = "diff \"${PODS_PODFILE_DIR_PATH}/Podfile.lock\" \"${PODS_ROOT}/Manifest.lock\" > /dev/null\nif [ $? != 0 ] ; then\n    # print error to STDERR\n    echo \"error: The sandbox is not in sync with the Podfile.lock. Run 'pod install' or update your CocoaPods installation.\" >&2\n    exit 1\nfi\n# This output is used by Xcode 'outputs' to avoid re-running this script phase.\necho \"SUCCESS\" > \"${SCRIPT_OUTPUT_FILE_0}\"\n";
			showEnvVarsInLog = 0;
		};
/* End PBXShellScriptBuildPhase section */

/* Begin PBXSourcesBuildPhase section */
		DE99FB70251BCDB500863D84 /* Sources */ = {
			isa = PBXSourcesBuildPhase;
			buildActionMask = 2147483647;
			files = (
				DE99FBB4251BD3AB00863D84 /* RecipesViewController.swift in Sources */,
				DE99FBD3251BD6D700863D84 /* RecipeDetailsViewController.swift in Sources */,
				DE99FB94251BCF9400863D84 /* ContentfulClientProvider.swift in Sources */,
				DE99FB78251BCDB500863D84 /* AppDelegate.swift in Sources */,
				DE99FBA6251BD25500863D84 /* PresenterInterface.swift in Sources */,
				DE99FBDA251BD75300863D84 /* TagViewModel.swift in Sources */,
				DE99FBE3251BD7D300863D84 /* RecipeDetailsWireframe.swift in Sources */,
				DE99FBD5251BD70400863D84 /* RecipeDetailsViewModel.swift in Sources */,
				DE99FBB7251BD3DD00863D84 /* RecipeCell.swift in Sources */,
				DE99FBA8251BD27A00863D84 /* BaseWireframe.swift in Sources */,
				DE99FBC8251BD4F100863D84 /* RecipesWireframe.swift in Sources */,
				DE99FBBC251BD42D00863D84 /* ReceipesHeaderView.swift in Sources */,
				DE99FB9B251BD08B00863D84 /* Chef.swift in Sources */,
				DE99FBAC251BD2F300863D84 /* BaseViewController.swift in Sources */,
				DE99FBDD251BD78100863D84 /* RecipeDetailsPresenter.swift in Sources */,
				DE99FBD0251BD6AA00863D84 /* RecipeDetailsContract.swift in Sources */,
				DE99FBB1251BD36F00863D84 /* RecipesContract.swift in Sources */,
				DE99FB9F251BD1EF00863D84 /* AutoLayout + Extentions.swift in Sources */,
				DE99FBE0251BD7A800863D84 /* RecipeDetailsInteractor.swift in Sources */,
				DE99FBB9251BD40800863D84 /* RecipeViewModel.swift in Sources */,
				DE99FBC4251BD4A700863D84 /* RecipesPresenter.swift in Sources */,
				DE99FBA2251BD22100863D84 /* ViewInterface.swift in Sources */,
				DE99FB99251BD07600863D84 /* Tag.swift in Sources */,
				DE99FBBE251BD44500863D84 /* CardView.swift in Sources */,
				DE99FC1C251E56D600863D84 /* RecipesGetway.swift in Sources */,
				DE99FBA4251BD23C00863D84 /* InteractorInterface.swift in Sources */,
				DE99FBD8251BD72800863D84 /* TagCell.swift in Sources */,
				DE99FB97251BD05C00863D84 /* Recipe.swift in Sources */,
				DE99FBC6251BD4DA00863D84 /* RecipesInteractor.swift in Sources */,
				DE99FBCD251BD59500863D84 /* RecipesRemoteGetway.swift in Sources */,
				DE99FB92251BCF6E00863D84 /* ContentfulCredentials.swift in Sources */,
				DE99FBAA251BD2AF00863D84 /* WireframeInterface.swift in Sources */,
				DE99FB7A251BCDB500863D84 /* SceneDelegate.swift in Sources */,
			);
			runOnlyForDeploymentPostprocessing = 0;
		};
/* End PBXSourcesBuildPhase section */

/* Begin PBXVariantGroup section */
		DE99FB82251BCDB700863D84 /* LaunchScreen.storyboard */ = {
			isa = PBXVariantGroup;
			children = (
				DE99FB83251BCDB700863D84 /* Base */,
			);
			name = LaunchScreen.storyboard;
			sourceTree = "<group>";
		};
/* End PBXVariantGroup section */

/* Begin XCBuildConfiguration section */
		DE99FB86251BCDB700863D84 /* Debug */ = {
			isa = XCBuildConfiguration;
			baseConfigurationReference = DE99FB9C251BD10800863D84 /* variables.xcconfig */;
			buildSettings = {
				ALWAYS_SEARCH_USER_PATHS = NO;
				CLANG_ANALYZER_NONNULL = YES;
				CLANG_ANALYZER_NUMBER_OBJECT_CONVERSION = YES_AGGRESSIVE;
				CLANG_CXX_LANGUAGE_STANDARD = "gnu++14";
				CLANG_CXX_LIBRARY = "libc++";
				CLANG_ENABLE_MODULES = YES;
				CLANG_ENABLE_OBJC_ARC = YES;
				CLANG_ENABLE_OBJC_WEAK = YES;
				CLANG_WARN_BLOCK_CAPTURE_AUTORELEASING = YES;
				CLANG_WARN_BOOL_CONVERSION = YES;
				CLANG_WARN_COMMA = YES;
				CLANG_WARN_CONSTANT_CONVERSION = YES;
				CLANG_WARN_DEPRECATED_OBJC_IMPLEMENTATIONS = YES;
				CLANG_WARN_DIRECT_OBJC_ISA_USAGE = YES_ERROR;
				CLANG_WARN_DOCUMENTATION_COMMENTS = YES;
				CLANG_WARN_EMPTY_BODY = YES;
				CLANG_WARN_ENUM_CONVERSION = YES;
				CLANG_WARN_INFINITE_RECURSION = YES;
				CLANG_WARN_INT_CONVERSION = YES;
				CLANG_WARN_NON_LITERAL_NULL_CONVERSION = YES;
				CLANG_WARN_OBJC_IMPLICIT_RETAIN_SELF = YES;
				CLANG_WARN_OBJC_LITERAL_CONVERSION = YES;
				CLANG_WARN_OBJC_ROOT_CLASS = YES_ERROR;
				CLANG_WARN_RANGE_LOOP_ANALYSIS = YES;
				CLANG_WARN_STRICT_PROTOTYPES = YES;
				CLANG_WARN_SUSPICIOUS_MOVE = YES;
				CLANG_WARN_UNGUARDED_AVAILABILITY = YES_AGGRESSIVE;
				CLANG_WARN_UNREACHABLE_CODE = YES;
				CLANG_WARN__DUPLICATE_METHOD_MATCH = YES;
				COPY_PHASE_STRIP = NO;
				DEBUG_INFORMATION_FORMAT = dwarf;
				ENABLE_STRICT_OBJC_MSGSEND = YES;
				ENABLE_TESTABILITY = YES;
				GCC_C_LANGUAGE_STANDARD = gnu11;
				GCC_DYNAMIC_NO_PIC = NO;
				GCC_NO_COMMON_BLOCKS = YES;
				GCC_OPTIMIZATION_LEVEL = 0;
				GCC_PREPROCESSOR_DEFINITIONS = (
					"DEBUG=1",
					"$(inherited)",
				);
				GCC_WARN_64_TO_32_BIT_CONVERSION = YES;
				GCC_WARN_ABOUT_RETURN_TYPE = YES_ERROR;
				GCC_WARN_UNDECLARED_SELECTOR = YES;
				GCC_WARN_UNINITIALIZED_AUTOS = YES_AGGRESSIVE;
				GCC_WARN_UNUSED_FUNCTION = YES;
				GCC_WARN_UNUSED_VARIABLE = YES;
				IPHONEOS_DEPLOYMENT_TARGET = 13.6;
				MTL_ENABLE_DEBUG_INFO = INCLUDE_SOURCE;
				MTL_FAST_MATH = YES;
				ONLY_ACTIVE_ARCH = YES;
				SDKROOT = iphoneos;
				SWIFT_ACTIVE_COMPILATION_CONDITIONS = DEBUG;
				SWIFT_OPTIMIZATION_LEVEL = "-Onone";
			};
			name = Debug;
		};
		DE99FB87251BCDB700863D84 /* Release */ = {
			isa = XCBuildConfiguration;
			baseConfigurationReference = DE99FB9C251BD10800863D84 /* variables.xcconfig */;
			buildSettings = {
				ALWAYS_SEARCH_USER_PATHS = NO;
				CLANG_ANALYZER_NONNULL = YES;
				CLANG_ANALYZER_NUMBER_OBJECT_CONVERSION = YES_AGGRESSIVE;
				CLANG_CXX_LANGUAGE_STANDARD = "gnu++14";
				CLANG_CXX_LIBRARY = "libc++";
				CLANG_ENABLE_MODULES = YES;
				CLANG_ENABLE_OBJC_ARC = YES;
				CLANG_ENABLE_OBJC_WEAK = YES;
				CLANG_WARN_BLOCK_CAPTURE_AUTORELEASING = YES;
				CLANG_WARN_BOOL_CONVERSION = YES;
				CLANG_WARN_COMMA = YES;
				CLANG_WARN_CONSTANT_CONVERSION = YES;
				CLANG_WARN_DEPRECATED_OBJC_IMPLEMENTATIONS = YES;
				CLANG_WARN_DIRECT_OBJC_ISA_USAGE = YES_ERROR;
				CLANG_WARN_DOCUMENTATION_COMMENTS = YES;
				CLANG_WARN_EMPTY_BODY = YES;
				CLANG_WARN_ENUM_CONVERSION = YES;
				CLANG_WARN_INFINITE_RECURSION = YES;
				CLANG_WARN_INT_CONVERSION = YES;
				CLANG_WARN_NON_LITERAL_NULL_CONVERSION = YES;
				CLANG_WARN_OBJC_IMPLICIT_RETAIN_SELF = YES;
				CLANG_WARN_OBJC_LITERAL_CONVERSION = YES;
				CLANG_WARN_OBJC_ROOT_CLASS = YES_ERROR;
				CLANG_WARN_RANGE_LOOP_ANALYSIS = YES;
				CLANG_WARN_STRICT_PROTOTYPES = YES;
				CLANG_WARN_SUSPICIOUS_MOVE = YES;
				CLANG_WARN_UNGUARDED_AVAILABILITY = YES_AGGRESSIVE;
				CLANG_WARN_UNREACHABLE_CODE = YES;
				CLANG_WARN__DUPLICATE_METHOD_MATCH = YES;
				COPY_PHASE_STRIP = NO;
				DEBUG_INFORMATION_FORMAT = "dwarf-with-dsym";
				ENABLE_NS_ASSERTIONS = NO;
				ENABLE_STRICT_OBJC_MSGSEND = YES;
				GCC_C_LANGUAGE_STANDARD = gnu11;
				GCC_NO_COMMON_BLOCKS = YES;
				GCC_WARN_64_TO_32_BIT_CONVERSION = YES;
				GCC_WARN_ABOUT_RETURN_TYPE = YES_ERROR;
				GCC_WARN_UNDECLARED_SELECTOR = YES;
				GCC_WARN_UNINITIALIZED_AUTOS = YES_AGGRESSIVE;
				GCC_WARN_UNUSED_FUNCTION = YES;
				GCC_WARN_UNUSED_VARIABLE = YES;
				IPHONEOS_DEPLOYMENT_TARGET = 13.6;
				MTL_ENABLE_DEBUG_INFO = NO;
				MTL_FAST_MATH = YES;
				SDKROOT = iphoneos;
				SWIFT_COMPILATION_MODE = wholemodule;
				SWIFT_OPTIMIZATION_LEVEL = "-O";
				VALIDATE_PRODUCT = YES;
			};
			name = Release;
		};
		DE99FB89251BCDB700863D84 /* Debug */ = {
			isa = XCBuildConfiguration;
			baseConfigurationReference = 7B39F403DE2528E619F8EF32 /* Pods-MarleySpoon.debug.xcconfig */;
			buildSettings = {
				ASSETCATALOG_COMPILER_APPICON_NAME = AppIcon;
				CODE_SIGN_STYLE = Automatic;
				INFOPLIST_FILE = "MarleySpoon/Supporting Files/Info.plist";
				LD_RUNPATH_SEARCH_PATHS = (
					"$(inherited)",
					"@executable_path/Frameworks",
				);
				PRODUCT_BUNDLE_IDENTIFIER = com.madian.MarleySpoon;
				PRODUCT_NAME = "Marley Spoon";
				SWIFT_VERSION = 5.0;
				TARGETED_DEVICE_FAMILY = 1;
			};
			name = Debug;
		};
		DE99FB8A251BCDB700863D84 /* Release */ = {
			isa = XCBuildConfiguration;
			baseConfigurationReference = F1DF799ED3F59F05253BD3FB /* Pods-MarleySpoon.release.xcconfig */;
			buildSettings = {
				ASSETCATALOG_COMPILER_APPICON_NAME = AppIcon;
				CODE_SIGN_STYLE = Automatic;
				INFOPLIST_FILE = "MarleySpoon/Supporting Files/Info.plist";
				LD_RUNPATH_SEARCH_PATHS = (
					"$(inherited)",
					"@executable_path/Frameworks",
				);
				PRODUCT_BUNDLE_IDENTIFIER = com.madian.MarleySpoon;
				PRODUCT_NAME = "Marley Spoon";
				SWIFT_VERSION = 5.0;
				TARGETED_DEVICE_FAMILY = 1;
			};
			name = Release;
		};
/* End XCBuildConfiguration section */

/* Begin XCConfigurationList section */
		DE99FB6F251BCDB500863D84 /* Build configuration list for PBXProject "MarleySpoon" */ = {
			isa = XCConfigurationList;
			buildConfigurations = (
				DE99FB86251BCDB700863D84 /* Debug */,
				DE99FB87251BCDB700863D84 /* Release */,
			);
			defaultConfigurationIsVisible = 0;
			defaultConfigurationName = Release;
		};
		DE99FB88251BCDB700863D84 /* Build configuration list for PBXNativeTarget "MarleySpoon" */ = {
			isa = XCConfigurationList;
			buildConfigurations = (
				DE99FB89251BCDB700863D84 /* Debug */,
				DE99FB8A251BCDB700863D84 /* Release */,
			);
			defaultConfigurationIsVisible = 0;
			defaultConfigurationName = Release;
		};
/* End XCConfigurationList section */
	};
	rootObject = DE99FB6C251BCDB500863D84 /* Project object */;
}
